// !$*UTF8*$!
{
	archiveVersion = 1;
	classes = {
	};
	objectVersion = 56;
	objects = {

/* Begin PBXBuildFile section */
		EE0C32062C2E5511008423CE /* LoginOrRegisterStudentViewController.swift in Sources */ = {isa = PBXBuildFile; fileRef = EE0C32052C2E5511008423CE /* LoginOrRegisterStudentViewController.swift */; };
		EE5EE2FA2C2E6C9400719459 /* StudentLoginViewController.swift in Sources */ = {isa = PBXBuildFile; fileRef = EE5EE2F92C2E6C9400719459 /* StudentLoginViewController.swift */; };
		EE5EE2FC2C2E728B00719459 /* RegisterStudentViewController.swift in Sources */ = {isa = PBXBuildFile; fileRef = EE5EE2FB2C2E728B00719459 /* RegisterStudentViewController.swift */; };
		EE5EE2FE2C2E7AB600719459 /* MainMenuViewController.swift in Sources */ = {isa = PBXBuildFile; fileRef = EE5EE2FD2C2E7AB600719459 /* MainMenuViewController.swift */; };
		EE5EE3002C2FC0D200719459 /* GameViewController.swift in Sources */ = {isa = PBXBuildFile; fileRef = EE5EE2FF2C2FC0D200719459 /* GameViewController.swift */; };
		EE5EE3022C2FC19100719459 /* ScoreboardViewController.swift in Sources */ = {isa = PBXBuildFile; fileRef = EE5EE3012C2FC19100719459 /* ScoreboardViewController.swift */; };
		EE8758D92C24FB9A0021FCF3 /* AppDelegate.swift in Sources */ = {isa = PBXBuildFile; fileRef = EE8758D82C24FB9A0021FCF3 /* AppDelegate.swift */; };
		EE8758DB2C24FB9A0021FCF3 /* SceneDelegate.swift in Sources */ = {isa = PBXBuildFile; fileRef = EE8758DA2C24FB9A0021FCF3 /* SceneDelegate.swift */; };
		EE8758DD2C24FB9A0021FCF3 /* ViewController.swift in Sources */ = {isa = PBXBuildFile; fileRef = EE8758DC2C24FB9A0021FCF3 /* ViewController.swift */; };
		EE8758E02C24FB9A0021FCF3 /* Base in Resources */ = {isa = PBXBuildFile; fileRef = EE8758DF2C24FB9A0021FCF3 /* Base */; };
		EE8758E22C24FB9C0021FCF3 /* Assets.xcassets in Resources */ = {isa = PBXBuildFile; fileRef = EE8758E12C24FB9C0021FCF3 /* Assets.xcassets */; };
		EE8758E52C24FB9C0021FCF3 /* Base in Resources */ = {isa = PBXBuildFile; fileRef = EE8758E42C24FB9C0021FCF3 /* Base */; };
		EEC269912C2E4AF300C009EA /* TeacherLoginViewController.swift in Sources */ = {isa = PBXBuildFile; fileRef = EEC269902C2E4AF200C009EA /* TeacherLoginViewController.swift */; };
		EEC736512C301CE1003B02FB /* Common.swift in Sources */ = {isa = PBXBuildFile; fileRef = EEC736502C301CE1003B02FB /* Common.swift */; };
		EEED63742C5785BF000F0B3F /* clearScoreboardViewController.swift in Sources */ = {isa = PBXBuildFile; fileRef = EEED63732C5785BF000F0B3F /* clearScoreboardViewController.swift */; };
/* End PBXBuildFile section */

/* Begin PBXFileReference section */
		EE0C32052C2E5511008423CE /* LoginOrRegisterStudentViewController.swift */ = {isa = PBXFileReference; lastKnownFileType = sourcecode.swift; path = LoginOrRegisterStudentViewController.swift; sourceTree = "<group>"; };
		EE5EE2F92C2E6C9400719459 /* StudentLoginViewController.swift */ = {isa = PBXFileReference; lastKnownFileType = sourcecode.swift; path = StudentLoginViewController.swift; sourceTree = "<group>"; };
		EE5EE2FB2C2E728B00719459 /* RegisterStudentViewController.swift */ = {isa = PBXFileReference; lastKnownFileType = sourcecode.swift; path = RegisterStudentViewController.swift; sourceTree = "<group>"; };
		EE5EE2FD2C2E7AB600719459 /* MainMenuViewController.swift */ = {isa = PBXFileReference; lastKnownFileType = sourcecode.swift; path = MainMenuViewController.swift; sourceTree = "<group>"; };
		EE5EE2FF2C2FC0D200719459 /* GameViewController.swift */ = {isa = PBXFileReference; lastKnownFileType = sourcecode.swift; path = GameViewController.swift; sourceTree = "<group>"; };
		EE5EE3012C2FC19100719459 /* ScoreboardViewController.swift */ = {isa = PBXFileReference; lastKnownFileType = sourcecode.swift; path = ScoreboardViewController.swift; sourceTree = "<group>"; };
		EE8758D52C24FB9A0021FCF3 /* MathGame.app */ = {isa = PBXFileReference; explicitFileType = wrapper.application; includeInIndex = 0; path = MathGame.app; sourceTree = BUILT_PRODUCTS_DIR; };
		EE8758D82C24FB9A0021FCF3 /* AppDelegate.swift */ = {isa = PBXFileReference; lastKnownFileType = sourcecode.swift; path = AppDelegate.swift; sourceTree = "<group>"; };
		EE8758DA2C24FB9A0021FCF3 /* SceneDelegate.swift */ = {isa = PBXFileReference; lastKnownFileType = sourcecode.swift; path = SceneDelegate.swift; sourceTree = "<group>"; };
		EE8758DC2C24FB9A0021FCF3 /* ViewController.swift */ = {isa = PBXFileReference; lastKnownFileType = sourcecode.swift; path = ViewController.swift; sourceTree = "<group>"; };
		EE8758DF2C24FB9A0021FCF3 /* Base */ = {isa = PBXFileReference; lastKnownFileType = file.storyboard; name = Base; path = Base.lproj/Main.storyboard; sourceTree = "<group>"; };
		EE8758E12C24FB9C0021FCF3 /* Assets.xcassets */ = {isa = PBXFileReference; lastKnownFileType = folder.assetcatalog; path = Assets.xcassets; sourceTree = "<group>"; };
		EE8758E42C24FB9C0021FCF3 /* Base */ = {isa = PBXFileReference; lastKnownFileType = file.storyboard; name = Base; path = Base.lproj/LaunchScreen.storyboard; sourceTree = "<group>"; };
		EE8758E62C24FB9C0021FCF3 /* Info.plist */ = {isa = PBXFileReference; lastKnownFileType = text.plist.xml; path = Info.plist; sourceTree = "<group>"; };
		EEC269902C2E4AF200C009EA /* TeacherLoginViewController.swift */ = {isa = PBXFileReference; lastKnownFileType = sourcecode.swift; path = TeacherLoginViewController.swift; sourceTree = "<group>"; };
		EEC736502C301CE1003B02FB /* Common.swift */ = {isa = PBXFileReference; lastKnownFileType = sourcecode.swift; path = Common.swift; sourceTree = "<group>"; };
		EEED63732C5785BF000F0B3F /* clearScoreboardViewController.swift */ = {isa = PBXFileReference; lastKnownFileType = sourcecode.swift; path = clearScoreboardViewController.swift; sourceTree = "<group>"; };
/* End PBXFileReference section */

/* Begin PBXFrameworksBuildPhase section */
		EE8758D22C24FB9A0021FCF3 /* Frameworks */ = {
			isa = PBXFrameworksBuildPhase;
			buildActionMask = 2147483647;
			files = (
			);
			runOnlyForDeploymentPostprocessing = 0;
		};
/* End PBXFrameworksBuildPhase section */

/* Begin PBXGroup section */
		EE8758CC2C24FB9A0021FCF3 = {
			isa = PBXGroup;
			children = (
				EE8758D72C24FB9A0021FCF3 /* MathGame */,
				EE8758D62C24FB9A0021FCF3 /* Products */,
			);
			sourceTree = "<group>";
		};
		EE8758D62C24FB9A0021FCF3 /* Products */ = {
			isa = PBXGroup;
			children = (
				EE8758D52C24FB9A0021FCF3 /* MathGame.app */,
			);
			name = Products;
			sourceTree = "<group>";
		};
		EE8758D72C24FB9A0021FCF3 /* MathGame */ = {
			isa = PBXGroup;
			children = (
				EEC736502C301CE1003B02FB /* Common.swift */,
				EE8758D82C24FB9A0021FCF3 /* AppDelegate.swift */,
				EE8758DA2C24FB9A0021FCF3 /* SceneDelegate.swift */,
				EE8758DC2C24FB9A0021FCF3 /* ViewController.swift */,
				EE8758DE2C24FB9A0021FCF3 /* Main.storyboard */,
				EEC269902C2E4AF200C009EA /* TeacherLoginViewController.swift */,
				EE0C32052C2E5511008423CE /* LoginOrRegisterStudentViewController.swift */,
				EEED63732C5785BF000F0B3F /* clearScoreboardViewController.swift */,
				EE5EE2F92C2E6C9400719459 /* StudentLoginViewController.swift */,
				EE5EE2FB2C2E728B00719459 /* RegisterStudentViewController.swift */,
				EE5EE2FD2C2E7AB600719459 /* MainMenuViewController.swift */,
				EE5EE2FF2C2FC0D200719459 /* GameViewController.swift */,
				EE5EE3012C2FC19100719459 /* ScoreboardViewController.swift */,
				EE8758E12C24FB9C0021FCF3 /* Assets.xcassets */,
				EE8758E32C24FB9C0021FCF3 /* LaunchScreen.storyboard */,
				EE8758E62C24FB9C0021FCF3 /* Info.plist */,
			);
			path = MathGame;
			sourceTree = "<group>";
		};
/* End PBXGroup section */

/* Begin PBXNativeTarget section */
		EE8758D42C24FB9A0021FCF3 /* MathGame */ = {
			isa = PBXNativeTarget;
			buildConfigurationList = EE8758E92C24FB9C0021FCF3 /* Build configuration list for PBXNativeTarget "MathGame" */;
			buildPhases = (
				EE8758D12C24FB9A0021FCF3 /* Sources */,
				EE8758D22C24FB9A0021FCF3 /* Frameworks */,
				EE8758D32C24FB9A0021FCF3 /* Resources */,
			);
			buildRules = (
			);
			dependencies = (
			);
			name = MathGame;
			productName = MathGame;
			productReference = EE8758D52C24FB9A0021FCF3 /* MathGame.app */;
			productType = "com.apple.product-type.application";
		};
/* End PBXNativeTarget section */

/* Begin PBXProject section */
		EE8758CD2C24FB9A0021FCF3 /* Project object */ = {
			isa = PBXProject;
			attributes = {
				BuildIndependentTargetsInParallel = 1;
				LastSwiftUpdateCheck = 1540;
				LastUpgradeCheck = 1540;
				TargetAttributes = {
					EE8758D42C24FB9A0021FCF3 = {
						CreatedOnToolsVersion = 15.4;
					};
				};
			};
			buildConfigurationList = EE8758D02C24FB9A0021FCF3 /* Build configuration list for PBXProject "MathGame" */;
			compatibilityVersion = "Xcode 14.0";
			developmentRegion = en;
			hasScannedForEncodings = 0;
			knownRegions = (
				en,
				Base,
			);
			mainGroup = EE8758CC2C24FB9A0021FCF3;
			productRefGroup = EE8758D62C24FB9A0021FCF3 /* Products */;
			projectDirPath = "";
			projectRoot = "";
			targets = (
				EE8758D42C24FB9A0021FCF3 /* MathGame */,
			);
		};
/* End PBXProject section */

/* Begin PBXResourcesBuildPhase section */
		EE8758D32C24FB9A0021FCF3 /* Resources */ = {
			isa = PBXResourcesBuildPhase;
			buildActionMask = 2147483647;
			files = (
				EE8758E22C24FB9C0021FCF3 /* Assets.xcassets in Resources */,
				EE8758E52C24FB9C0021FCF3 /* Base in Resources */,
				EE8758E02C24FB9A0021FCF3 /* Base in Resources */,
			);
			runOnlyForDeploymentPostprocessing = 0;
		};
/* End PBXResourcesBuildPhase section */

/* Begin PBXSourcesBuildPhase section */
		EE8758D12C24FB9A0021FCF3 /* Sources */ = {
			isa = PBXSourcesBuildPhase;
			buildActionMask = 2147483647;
			files = (
				EE5EE3002C2FC0D200719459 /* GameViewController.swift in Sources */,
				EE5EE2FE2C2E7AB600719459 /* MainMenuViewController.swift in Sources */,
				EE8758DD2C24FB9A0021FCF3 /* ViewController.swift in Sources */,
				EE5EE2FC2C2E728B00719459 /* RegisterStudentViewController.swift in Sources */,
				EEED63742C5785BF000F0B3F /* clearScoreboardViewController.swift in Sources */,
				EEC736512C301CE1003B02FB /* Common.swift in Sources */,
				EE8758D92C24FB9A0021FCF3 /* AppDelegate.swift in Sources */,
				EEC269912C2E4AF300C009EA /* TeacherLoginViewController.swift in Sources */,
				EE5EE3022C2FC19100719459 /* ScoreboardViewController.swift in Sources */,
				EE5EE2FA2C2E6C9400719459 /* StudentLoginViewController.swift in Sources */,
				EE0C32062C2E5511008423CE /* LoginOrRegisterStudentViewController.swift in Sources */,
				EE8758DB2C24FB9A0021FCF3 /* SceneDelegate.swift in Sources */,
			);
			runOnlyForDeploymentPostprocessing = 0;
		};
/* End PBXSourcesBuildPhase section */

/* Begin PBXVariantGroup section */
		EE8758DE2C24FB9A0021FCF3 /* Main.storyboard */ = {
			isa = PBXVariantGroup;
			children = (
				EE8758DF2C24FB9A0021FCF3 /* Base */,
			);
			name = Main.storyboard;
			sourceTree = "<group>";
		};
		EE8758E32C24FB9C0021FCF3 /* LaunchScreen.storyboard */ = {
			isa = PBXVariantGroup;
			children = (
				EE8758E42C24FB9C0021FCF3 /* Base */,
			);
			name = LaunchScreen.storyboard;
			sourceTree = "<group>";
		};
/* End PBXVariantGroup section */

/* Begin XCBuildConfiguration section */
		EE8758E72C24FB9C0021FCF3 /* Debug */ = {
			isa = XCBuildConfiguration;
			buildSettings = {
				ALWAYS_SEARCH_USER_PATHS = NO;
				ASSETCATALOG_COMPILER_GENERATE_SWIFT_ASSET_SYMBOL_EXTENSIONS = YES;
				CLANG_ANALYZER_NONNULL = YES;
				CLANG_ANALYZER_NUMBER_OBJECT_CONVERSION = YES_AGGRESSIVE;
				CLANG_CXX_LANGUAGE_STANDARD = "gnu++20";
				CLANG_ENABLE_MODULES = YES;
				CLANG_ENABLE_OBJC_ARC = YES;
				CLANG_ENABLE_OBJC_WEAK = YES;
				CLANG_WARN_BLOCK_CAPTURE_AUTORELEASING = YES;
				CLANG_WARN_BOOL_CONVERSION = YES;
				CLANG_WARN_COMMA = YES;
				CLANG_WARN_CONSTANT_CONVERSION = YES;
				CLANG_WARN_DEPRECATED_OBJC_IMPLEMENTATIONS = YES;
				CLANG_WARN_DIRECT_OBJC_ISA_USAGE = YES_ERROR;
				CLANG_WARN_DOCUMENTATION_COMMENTS = YES;
				CLANG_WARN_EMPTY_BODY = YES;
				CLANG_WARN_ENUM_CONVERSION = YES;
				CLANG_WARN_INFINITE_RECURSION = YES;
				CLANG_WARN_INT_CONVERSION = YES;
				CLANG_WARN_NON_LITERAL_NULL_CONVERSION = YES;
				CLANG_WARN_OBJC_IMPLICIT_RETAIN_SELF = YES;
				CLANG_WARN_OBJC_LITERAL_CONVERSION = YES;
				CLANG_WARN_OBJC_ROOT_CLASS = YES_ERROR;
				CLANG_WARN_QUOTED_INCLUDE_IN_FRAMEWORK_HEADER = YES;
				CLANG_WARN_RANGE_LOOP_ANALYSIS = YES;
				CLANG_WARN_STRICT_PROTOTYPES = YES;
				CLANG_WARN_SUSPICIOUS_MOVE = YES;
				CLANG_WARN_UNGUARDED_AVAILABILITY = YES_AGGRESSIVE;
				CLANG_WARN_UNREACHABLE_CODE = YES;
				CLANG_WARN__DUPLICATE_METHOD_MATCH = YES;
				COPY_PHASE_STRIP = NO;
				DEBUG_INFORMATION_FORMAT = dwarf;
				ENABLE_STRICT_OBJC_MSGSEND = YES;
				ENABLE_TESTABILITY = YES;
				ENABLE_USER_SCRIPT_SANDBOXING = YES;
				GCC_C_LANGUAGE_STANDARD = gnu17;
				GCC_DYNAMIC_NO_PIC = NO;
				GCC_NO_COMMON_BLOCKS = YES;
				GCC_OPTIMIZATION_LEVEL = 0;
				GCC_PREPROCESSOR_DEFINITIONS = (
					"DEBUG=1",
					"$(inherited)",
				);
				GCC_WARN_64_TO_32_BIT_CONVERSION = YES;
				GCC_WARN_ABOUT_RETURN_TYPE = YES_ERROR;
				GCC_WARN_UNDECLARED_SELECTOR = YES;
				GCC_WARN_UNINITIALIZED_AUTOS = YES_AGGRESSIVE;
				GCC_WARN_UNUSED_FUNCTION = YES;
				GCC_WARN_UNUSED_VARIABLE = YES;
				IPHONEOS_DEPLOYMENT_TARGET = 17.5;
				LOCALIZATION_PREFERS_STRING_CATALOGS = YES;
				MTL_ENABLE_DEBUG_INFO = INCLUDE_SOURCE;
				MTL_FAST_MATH = YES;
				ONLY_ACTIVE_ARCH = YES;
				SDKROOT = iphoneos;
				SWIFT_ACTIVE_COMPILATION_CONDITIONS = "DEBUG $(inherited)";
				SWIFT_OPTIMIZATION_LEVEL = "-Onone";
			};
			name = Debug;
		};
		EE8758E82C24FB9C0021FCF3 /* Release */ = {
			isa = XCBuildConfiguration;
			buildSettings = {
				ALWAYS_SEARCH_USER_PATHS = NO;
				ASSETCATALOG_COMPILER_GENERATE_SWIFT_ASSET_SYMBOL_EXTENSIONS = YES;
				CLANG_ANALYZER_NONNULL = YES;
				CLANG_ANALYZER_NUMBER_OBJECT_CONVERSION = YES_AGGRESSIVE;
				CLANG_CXX_LANGUAGE_STANDARD = "gnu++20";
				CLANG_ENABLE_MODULES = YES;
				CLANG_ENABLE_OBJC_ARC = YES;
				CLANG_ENABLE_OBJC_WEAK = YES;
				CLANG_WARN_BLOCK_CAPTURE_AUTORELEASING = YES;
				CLANG_WARN_BOOL_CONVERSION = YES;
				CLANG_WARN_COMMA = YES;
				CLANG_WARN_CONSTANT_CONVERSION = YES;
				CLANG_WARN_DEPRECATED_OBJC_IMPLEMENTATIONS = YES;
				CLANG_WARN_DIRECT_OBJC_ISA_USAGE = YES_ERROR;
				CLANG_WARN_DOCUMENTATION_COMMENTS = YES;
				CLANG_WARN_EMPTY_BODY = YES;
				CLANG_WARN_ENUM_CONVERSION = YES;
				CLANG_WARN_INFINITE_RECURSION = YES;
				CLANG_WARN_INT_CONVERSION = YES;
				CLANG_WARN_NON_LITERAL_NULL_CONVERSION = YES;
				CLANG_WARN_OBJC_IMPLICIT_RETAIN_SELF = YES;
				CLANG_WARN_OBJC_LITERAL_CONVERSION = YES;
				CLANG_WARN_OBJC_ROOT_CLASS = YES_ERROR;
				CLANG_WARN_QUOTED_INCLUDE_IN_FRAMEWORK_HEADER = YES;
				CLANG_WARN_RANGE_LOOP_ANALYSIS = YES;
				CLANG_WARN_STRICT_PROTOTYPES = YES;
				CLANG_WARN_SUSPICIOUS_MOVE = YES;
				CLANG_WARN_UNGUARDED_AVAILABILITY = YES_AGGRESSIVE;
				CLANG_WARN_UNREACHABLE_CODE = YES;
				CLANG_WARN__DUPLICATE_METHOD_MATCH = YES;
				COPY_PHASE_STRIP = NO;
				DEBUG_INFORMATION_FORMAT = "dwarf-with-dsym";
				ENABLE_NS_ASSERTIONS = NO;
				ENABLE_STRICT_OBJC_MSGSEND = YES;
				ENABLE_USER_SCRIPT_SANDBOXING = YES;
				GCC_C_LANGUAGE_STANDARD = gnu17;
				GCC_NO_COMMON_BLOCKS = YES;
				GCC_WARN_64_TO_32_BIT_CONVERSION = YES;
				GCC_WARN_ABOUT_RETURN_TYPE = YES_ERROR;
				GCC_WARN_UNDECLARED_SELECTOR = YES;
				GCC_WARN_UNINITIALIZED_AUTOS = YES_AGGRESSIVE;
				GCC_WARN_UNUSED_FUNCTION = YES;
				GCC_WARN_UNUSED_VARIABLE = YES;
				IPHONEOS_DEPLOYMENT_TARGET = 17.5;
				LOCALIZATION_PREFERS_STRING_CATALOGS = YES;
				MTL_ENABLE_DEBUG_INFO = NO;
				MTL_FAST_MATH = YES;
				SDKROOT = iphoneos;
				SWIFT_COMPILATION_MODE = wholemodule;
				VALIDATE_PRODUCT = YES;
			};
			name = Release;
		};
		EE8758EA2C24FB9C0021FCF3 /* Debug */ = {
			isa = XCBuildConfiguration;
			buildSettings = {
				ASSETCATALOG_COMPILER_APPICON_NAME = AppIcon;
				ASSETCATALOG_COMPILER_GLOBAL_ACCENT_COLOR_NAME = AccentColor;
				CODE_SIGN_STYLE = Automatic;
				CURRENT_PROJECT_VERSION = 1;
				GENERATE_INFOPLIST_FILE = YES;
				INFOPLIST_FILE = MathGame/Info.plist;
				INFOPLIST_KEY_UIApplicationSupportsIndirectInputEvents = YES;
				INFOPLIST_KEY_UILaunchStoryboardName = LaunchScreen;
				INFOPLIST_KEY_UIMainStoryboardFile = Main;
				INFOPLIST_KEY_UISupportedInterfaceOrientations_iPad = "UIInterfaceOrientationPortrait UIInterfaceOrientationPortraitUpsideDown UIInterfaceOrientationLandscapeLeft UIInterfaceOrientationLandscapeRight";
				INFOPLIST_KEY_UISupportedInterfaceOrientations_iPhone = "UIInterfaceOrientationPortrait UIInterfaceOrientationLandscapeLeft UIInterfaceOrientationLandscapeRight";
				LD_RUNPATH_SEARCH_PATHS = (
					"$(inherited)",
					"@executable_path/Frameworks",
				);
				MARKETING_VERSION = 1.0;
				PRODUCT_BUNDLE_IDENTIFIER = AC.MathGame;
				PRODUCT_NAME = "$(TARGET_NAME)";
				SWIFT_EMIT_LOC_STRINGS = YES;
				SWIFT_VERSION = 5.0;
				TARGETED_DEVICE_FAMILY = "1,2";
			};
			name = Debug;
		};
		EE8758EB2C24FB9C0021FCF3 /* Release */ = {
			isa = XCBuildConfiguration;
			buildSettings = {
				ASSETCATALOG_COMPILER_APPICON_NAME = AppIcon;
				ASSETCATALOG_COMPILER_GLOBAL_ACCENT_COLOR_NAME = AccentColor;
				CODE_SIGN_STYLE = Automatic;
				CURRENT_PROJECT_VERSION = 1;
				GENERATE_INFOPLIST_FILE = YES;
				INFOPLIST_FILE = MathGame/Info.plist;
				INFOPLIST_KEY_UIApplicationSupportsIndirectInputEvents = YES;
				INFOPLIST_KEY_UILaunchStoryboardName = LaunchScreen;
				INFOPLIST_KEY_UIMainStoryboardFile = Main;
				INFOPLIST_KEY_UISupportedInterfaceOrientations_iPad = "UIInterfaceOrientationPortrait UIInterfaceOrientationPortraitUpsideDown UIInterfaceOrientationLandscapeLeft UIInterfaceOrientationLandscapeRight";
				INFOPLIST_KEY_UISupportedInterfaceOrientations_iPhone = "UIInterfaceOrientationPortrait UIInterfaceOrientationLandscapeLeft UIInterfaceOrientationLandscapeRight";
				LD_RUNPATH_SEARCH_PATHS = (
					"$(inherited)",
					"@executable_path/Frameworks",
				);
				MARKETING_VERSION = 1.0;
				PRODUCT_BUNDLE_IDENTIFIER = AC.MathGame;
				PRODUCT_NAME = "$(TARGET_NAME)";
				SWIFT_EMIT_LOC_STRINGS = YES;
				SWIFT_VERSION = 5.0;
				TARGETED_DEVICE_FAMILY = "1,2";
			};
			name = Release;
		};
/* End XCBuildConfiguration section */

/* Begin XCConfigurationList section */
		EE8758D02C24FB9A0021FCF3 /* Build configuration list for PBXProject "MathGame" */ = {
			isa = XCConfigurationList;
			buildConfigurations = (
				EE8758E72C24FB9C0021FCF3 /* Debug */,
				EE8758E82C24FB9C0021FCF3 /* Release */,
			);
			defaultConfigurationIsVisible = 0;
			defaultConfigurationName = Release;
		};
		EE8758E92C24FB9C0021FCF3 /* Build configuration list for PBXNativeTarget "MathGame" */ = {
			isa = XCConfigurationList;
			buildConfigurations = (
				EE8758EA2C24FB9C0021FCF3 /* Debug */,
				EE8758EB2C24FB9C0021FCF3 /* Release */,
			);
			defaultConfigurationIsVisible = 0;
			defaultConfigurationName = Release;
		};
/* End XCConfigurationList section */
	};
	rootObject = EE8758CD2C24FB9A0021FCF3 /* Project object */;
}
